
Microsoft Visual Studio Solution File, Format Version 12.00
# Visual Studio 15
VisualStudioVersion = 15.0.27703.2042
MinimumVisualStudioVersion = 10.0.40219.1
Project("{8BC9CEB8-8B4A-11D0-8D11-00A0C91BC942}") = "math", "math\math.vcxproj", "{314F4C32-F44A-48F3-B0AA-666730CC1A76}"
EndProject
Global
	GlobalSection(SolutionConfigurationPlatforms) = preSolution
		Debug|x64 = Debug|x64
		Debug|x86 = Debug|x86
		Release|x64 = Release|x64
		Release|x86 = Release|x86
	EndGlobalSection
	GlobalSection(ProjectConfigurationPlatforms) = postSolution
		{314F4C32-F44A-48F3-B0AA-666730CC1A76}.Debug|x64.ActiveCfg = Debug|x64
		{314F4C32-F44A-48F3-B0AA-666730CC1A76}.Debug|x64.Build.0 = Debug|x64
		{314F4C32-F44A-48F3-B0AA-666730CC1A76}.Debug|x86.ActiveCfg = Debug|Win32
		{314F4C32-F44A-48F3-B0AA-666730CC1A76}.Debug|x86.Build.0 = Debug|Win32
		{314F4C32-F44A-48F3-B0AA-666730CC1A76}.Release|x64.ActiveCfg = Release|x64
		{314F4C32-F44A-48F3-B0AA-666730CC1A76}.Release|x64.Build.0 = Release|x64
		{314F4C32-F44A-48F3-B0AA-666730CC1A76}.Release|x86.ActiveCfg = Release|Win32
		{314F4C32-F44A-48F3-B0AA-666730CC1A76}.Release|x86.Build.0 = Release|Win32
	EndGlobalSection
	GlobalSection(SolutionProperties) = preSolution
		HideSolutionNode = FALSE
	EndGlobalSection
	GlobalSection(ExtensibilityGlobals) = postSolution
		SolutionGuid = {F9E15718-25C4-4D76-A4ED-97F0B6029AAF}
	EndGlobalSection
EndGlobal
